{
    "name": "@luotao/learning-canvas",
    "version": "0.0.1",
    "lockfileVersion": 2,
    "requires": true,
    "packages": {
        "": {
            "name": "@luotao/learning-canvas",
            "version": "0.0.1",
            "dependencies": {
                "@thymine/xunee": "0.4.6"
            },
            "devDependencies": {
                "prettier": "2.6.2"
            }
        },
        "node_modules/@thymine/xunee": {
            "version": "0.4.6",
            "resolved": "https://registry.npmjs.org/@thymine/xunee/-/xunee-0.4.6.tgz",
            "integrity": "sha512-0fa+UqW5Ith0zWteIXLB6+ldEiyfvzfDZoH0QLb6wYuTX2ucbn+mNLnQybpN2p4zjAKWurII7i5rLkgaP8q21Q==",
            "dependencies": {
                "lodash-es": "~4.17.21"
            }
        },
        "node_modules/lodash-es": {
            "version": "4.17.21",
            "resolved": "https://registry.npmjs.org/lodash-es/-/lodash-es-4.17.21.tgz",
            "integrity": "sha512-mKnC+QJ9pWVzv+C4/U3rRsHapFfHvQFoFB92e52xeyGMcX6/OlIl78je1u8vePzYZSkkogMPJ2yjxxsb89cxyw=="
        },
        "node_modules/prettier": {
            "version": "2.6.2",
            "resolved": "https://registry.npmjs.org/prettier/-/prettier-2.6.2.tgz",
            "integrity": "sha512-PkUpF+qoXTqhOeWL9fu7As8LXsIUZ1WYaJiY/a7McAQzxjk82OF0tibkFXVCDImZtWxbvojFjerkiLb0/q8mew==",
            "dev": true,
            "bin": {
                "prettier": "bin-prettier.js"
            },
            "engines": {
                "node": ">=10.13.0"
            },
            "funding": {
                "url": "https://github.com/prettier/prettier?sponsor=1"
            }
        }
    },
    "dependencies": {
        "@thymine/xunee": {
            "version": "0.4.6",
            "resolved": "https://registry.npmjs.org/@thymine/xunee/-/xunee-0.4.6.tgz",
            "integrity": "sha512-0fa+UqW5Ith0zWteIXLB6+ldEiyfvzfDZoH0QLb6wYuTX2ucbn+mNLnQybpN2p4zjAKWurII7i5rLkgaP8q21Q==",
            "requires": {
                "lodash-es": "~4.17.21"
            }
        },
        "lodash-es": {
            "version": "4.17.21",
            "resolved": "https://registry.npmjs.org/lodash-es/-/lodash-es-4.17.21.tgz",
            "integrity": "sha512-mKnC+QJ9pWVzv+C4/U3rRsHapFfHvQFoFB92e52xeyGMcX6/OlIl78je1u8vePzYZSkkogMPJ2yjxxsb89cxyw=="
        },
        "prettier": {
            "version": "2.6.2",
            "resolved": "https://registry.npmjs.org/prettier/-/prettier-2.6.2.tgz",
            "integrity": "sha512-PkUpF+qoXTqhOeWL9fu7As8LXsIUZ1WYaJiY/a7McAQzxjk82OF0tibkFXVCDImZtWxbvojFjerkiLb0/q8mew==",
            "dev": true
        }
    }
}
