{
  "name": "@luotao/learning-canvas",
  "version": "0.0.1",
  "lockfileVersion": 2,
  "requires": true,
  "packages": {
    "": {
      "name": "@luotao/learning-canvas",
      "version": "0.0.1",
      "dependencies": {
        "@thymine/xunee": "0.4.3"
      },
      "devDependencies": {
        "prettier": "2.4.1"
      }
    },
    "node_modules/@thymine/xunee": {
      "version": "0.4.3",
      "resolved": "https://registry.npmjs.org/@thymine/xunee/-/xunee-0.4.3.tgz",
      "integrity": "sha512-Q9S6TuyiYjCzfOCAZygecvi3BTILCysQxPFY9YqHeDxmWlLBVuCNZRN7CVO1oZnMkSitbufbf96jOoj3Mx1znQ==",
      "dependencies": {
        "lodash-es": "~4.17.21"
      }
    },
    "node_modules/lodash-es": {
      "version": "4.17.21",
      "resolved": "https://registry.npmjs.org/lodash-es/-/lodash-es-4.17.21.tgz",
      "integrity": "sha512-mKnC+QJ9pWVzv+C4/U3rRsHapFfHvQFoFB92e52xeyGMcX6/OlIl78je1u8vePzYZSkkogMPJ2yjxxsb89cxyw=="
    },
    "node_modules/prettier": {
      "version": "2.4.1",
      "resolved": "https://registry.npmjs.org/prettier/-/prettier-2.4.1.tgz",
      "integrity": "sha512-9fbDAXSBcc6Bs1mZrDYb3XKzDLm4EXXL9sC1LqKP5rZkT6KRr/rf9amVUcODVXgguK/isJz0d0hP72WeaKWsvA==",
      "dev": true,
      "bin": {
        "prettier": "bin-prettier.js"
      },
      "engines": {
        "node": ">=10.13.0"
      }
    }
  },
  "dependencies": {
    "@thymine/xunee": {
      "version": "0.4.3",
      "resolved": "https://registry.npmjs.org/@thymine/xunee/-/xunee-0.4.3.tgz",
      "integrity": "sha512-Q9S6TuyiYjCzfOCAZygecvi3BTILCysQxPFY9YqHeDxmWlLBVuCNZRN7CVO1oZnMkSitbufbf96jOoj3Mx1znQ==",
      "requires": {
        "lodash-es": "~4.17.21"
      }
    },
    "lodash-es": {
      "version": "4.17.21",
      "resolved": "https://registry.npmjs.org/lodash-es/-/lodash-es-4.17.21.tgz",
      "integrity": "sha512-mKnC+QJ9pWVzv+C4/U3rRsHapFfHvQFoFB92e52xeyGMcX6/OlIl78je1u8vePzYZSkkogMPJ2yjxxsb89cxyw=="
    },
    "prettier": {
      "version": "2.4.1",
      "resolved": "https://registry.npmjs.org/prettier/-/prettier-2.4.1.tgz",
      "integrity": "sha512-9fbDAXSBcc6Bs1mZrDYb3XKzDLm4EXXL9sC1LqKP5rZkT6KRr/rf9amVUcODVXgguK/isJz0d0hP72WeaKWsvA==",
      "dev": true
    }
  }
}
